
Microsoft Visual Studio Solution File, Format Version 12.00
# Visual Studio Version 17
VisualStudioVersion = 17.4.33122.133
MinimumVisualStudioVersion = 10.0.40219.1
Project("{FAE04EC0-301F-11D3-BF4B-00C04F79EFBC}") = "IdentityServer", "IdentityServer\IdentityServer.csproj", "{C6E1DF6C-9E62-4630-A012-4F507DF805FA}"
EndProject
Project("{FAE04EC0-301F-11D3-BF4B-00C04F79EFBC}") = "API", "API\API.csproj", "{089D13E9-4655-4859-8A2C-76ACC2E8A79A}"
EndProject
Project("{FAE04EC0-301F-11D3-BF4B-00C04F79EFBC}") = "Client", "Client\Client.csproj", "{31513A34-444B-4525-B8F3-80EFA2D8A561}"
EndProject
Global
	GlobalSection(SolutionConfigurationPlatforms) = preSolution
		Debug|Any CPU = Debug|Any CPU
		Release|Any CPU = Release|Any CPU
	EndGlobalSection
	GlobalSection(ProjectConfigurationPlatforms) = postSolution
		{C6E1DF6C-9E62-4630-A012-4F507DF805FA}.Debug|Any CPU.ActiveCfg = Debug|Any CPU
		{C6E1DF6C-9E62-4630-A012-4F507DF805FA}.Debug|Any CPU.Build.0 = Debug|Any CPU
		{C6E1DF6C-9E62-4630-A012-4F507DF805FA}.Release|Any CPU.ActiveCfg = Release|Any CPU
		{C6E1DF6C-9E62-4630-A012-4F507DF805FA}.Release|Any CPU.Build.0 = Release|Any CPU
		{089D13E9-4655-4859-8A2C-76ACC2E8A79A}.Debug|Any CPU.ActiveCfg = Debug|Any CPU
		{089D13E9-4655-4859-8A2C-76ACC2E8A79A}.Debug|Any CPU.Build.0 = Debug|Any CPU
		{089D13E9-4655-4859-8A2C-76ACC2E8A79A}.Release|Any CPU.ActiveCfg = Release|Any CPU
		{089D13E9-4655-4859-8A2C-76ACC2E8A79A}.Release|Any CPU.Build.0 = Release|Any CPU
		{31513A34-444B-4525-B8F3-80EFA2D8A561}.Debug|Any CPU.ActiveCfg = Debug|Any CPU
		{31513A34-444B-4525-B8F3-80EFA2D8A561}.Debug|Any CPU.Build.0 = Debug|Any CPU
		{31513A34-444B-4525-B8F3-80EFA2D8A561}.Release|Any CPU.ActiveCfg = Release|Any CPU
		{31513A34-444B-4525-B8F3-80EFA2D8A561}.Release|Any CPU.Build.0 = Release|Any CPU
	EndGlobalSection
	GlobalSection(SolutionProperties) = preSolution
		HideSolutionNode = FALSE
	EndGlobalSection
	GlobalSection(ExtensibilityGlobals) = postSolution
		SolutionGuid = {7C93C9AC-6F6A-4EA8-A694-3A7A869DC3FE}
	EndGlobalSection
EndGlobal
